
Microsoft Visual Studio Solution File, Format Version 12.00
# Visual Studio Version 17
VisualStudioVersion = 17.1.32228.430
MinimumVisualStudioVersion = 10.0.40219.1
Project("{FAE04EC0-301F-11D3-BF4B-00C04F79EFBC}") = "main", "main\main.csproj", "{4F7CF855-2794-4867-B6E9-31B3A18B273C}"
EndProject
Global
	GlobalSection(SolutionConfigurationPlatforms) = preSolution
		Debug|Any CPU = Debug|Any CPU
		Release|Any CPU = Release|Any CPU
	EndGlobalSection
	GlobalSection(ProjectConfigurationPlatforms) = postSolution
		{4F7CF855-2794-4867-B6E9-31B3A18B273C}.Debug|Any CPU.ActiveCfg = Debug|Any CPU
		{4F7CF855-2794-4867-B6E9-31B3A18B273C}.Debug|Any CPU.Build.0 = Debug|Any CPU
		{4F7CF855-2794-4867-B6E9-31B3A18B273C}.Release|Any CPU.ActiveCfg = Release|Any CPU
		{4F7CF855-2794-4867-B6E9-31B3A18B273C}.Release|Any CPU.Build.0 = Release|Any CPU
	EndGlobalSection
	GlobalSection(SolutionProperties) = preSolution
		HideSolutionNode = FALSE
	EndGlobalSection
	GlobalSection(ExtensibilityGlobals) = postSolution
		SolutionGuid = {0BBC9ED1-B8B1-455B-9AA0-CD27071E4C41}
	EndGlobalSection
EndGlobal
